{
  "name": "god-spear",
  "version": "0.1.1",
  "lockfileVersion": 3,
  "requires": true,
  "packages": {
    "": {
      "name": "god-spear",
      "version": "0.1.1",
      "license": "MIT",
      "bin": {
        "create-pfdo-secure": "bin/create-pfdo-secure.js",
        "spear": "bin/spear.js"
      }
    }
  }
}
